
Microsoft Visual Studio Solution File, Format Version 12.00
# Visual Studio 15
VisualStudioVersion = 15.0.26730.15
MinimumVisualStudioVersion = 10.0.40219.1
Project("{8BC9CEB8-8B4A-11D0-8D11-00A0C91BC942}") = "NatsuLang", "NatsuLang\NatsuLang.vcxproj", "{5306B493-F4E5-4A93-B487-D6A4A3561019}"
	ProjectSection(ProjectDependencies) = postProject
		{E4F66019-9964-4B86-B538-E10F66124689} = {E4F66019-9964-4B86-B538-E10F66124689}
	EndProjectSection
EndProject
Project("{8BC9CEB8-8B4A-11D0-8D11-00A0C91BC942}") = "NatsuLib", "Extern\NatsuLib\NatsuLib\NatsuLib.vcxproj", "{E4F66019-9964-4B86-B538-E10F66124689}"
	ProjectSection(ProjectDependencies) = postProject
		{0BFBD1A8-5638-4B35-BA03-8DB47F921B9B} = {0BFBD1A8-5638-4B35-BA03-8DB47F921B9B}
	EndProjectSection
EndProject
Project("{2150E333-8FDC-42A3-9474-1A3956D46DE8}") = "Extern", "Extern", "{E7D5F552-9833-40C8-AA8F-1F7EFB036D17}"
EndProject
Project("{8BC9CEB8-8B4A-11D0-8D11-00A0C91BC942}") = "zlib", "Extern\NatsuLib\NatsuLib\extern\zlib\zlib.vcxproj", "{0BFBD1A8-5638-4B35-BA03-8DB47F921B9B}"
EndProject
Project("{8BC9CEB8-8B4A-11D0-8D11-00A0C91BC942}") = "NatsuLang.Tests", "NatsuLang.Tests\NatsuLang.Tests.vcxproj", "{8764FF3A-53E4-40F5-8B92-13FE14178983}"
EndProject
Project("{8BC9CEB8-8B4A-11D0-8D11-00A0C91BC942}") = "NatsuLang.AOTCompiler", "NatsuLang.AOTCompiler\NatsuLang.AOTCompiler.vcxproj", "{A445A1D7-16CA-4DF7-B925-1C4D1F3EFE9C}"
EndProject
Project("{8BC9CEB8-8B4A-11D0-8D11-00A0C91BC942}") = "NatsuLang.ASTInterpreter", "NatsuLang.ASTInterpreter\NatsuLang.ASTInterpreter.vcxproj", "{C83E8686-21D4-4D8C-BFD1-A4E47D68871D}"
EndProject
Project("{8BC9CEB8-8B4A-11D0-8D11-00A0C91BC942}") = "NatsuLang.AOTCompiler.Cli", "NatsuLang.AOTCompiler.Cli\NatsuLang.AOTCompiler.Cli.vcxproj", "{3D05CE5F-8201-4F4C-9875-719B266D9313}"
EndProject
Project("{8BC9CEB8-8B4A-11D0-8D11-00A0C91BC942}") = "NatsuLang.ASTInterpreter.Cli", "NatsuLang.ASTInterpreter.Cli\NatsuLang.ASTInterpreter.Cli.vcxproj", "{54C0CDF9-C8BE-4C4B-8974-7D4EA9F1B981}"
EndProject
Global
	GlobalSection(SolutionConfigurationPlatforms) = preSolution
		Debug|x64 = Debug|x64
		Debug|x86 = Debug|x86
		Release|x64 = Release|x64
		Release|x86 = Release|x86
	EndGlobalSection
	GlobalSection(ProjectConfigurationPlatforms) = postSolution
		{5306B493-F4E5-4A93-B487-D6A4A3561019}.Debug|x64.ActiveCfg = Debug|x64
		{5306B493-F4E5-4A93-B487-D6A4A3561019}.Debug|x64.Build.0 = Debug|x64
		{5306B493-F4E5-4A93-B487-D6A4A3561019}.Debug|x86.ActiveCfg = Debug|Win32
		{5306B493-F4E5-4A93-B487-D6A4A3561019}.Debug|x86.Build.0 = Debug|Win32
		{5306B493-F4E5-4A93-B487-D6A4A3561019}.Release|x64.ActiveCfg = Release|x64
		{5306B493-F4E5-4A93-B487-D6A4A3561019}.Release|x64.Build.0 = Release|x64
		{5306B493-F4E5-4A93-B487-D6A4A3561019}.Release|x86.ActiveCfg = Release|Win32
		{5306B493-F4E5-4A93-B487-D6A4A3561019}.Release|x86.Build.0 = Release|Win32
		{E4F66019-9964-4B86-B538-E10F66124689}.Debug|x64.ActiveCfg = Debug|x64
		{E4F66019-9964-4B86-B538-E10F66124689}.Debug|x64.Build.0 = Debug|x64
		{E4F66019-9964-4B86-B538-E10F66124689}.Debug|x86.ActiveCfg = Debug|Win32
		{E4F66019-9964-4B86-B538-E10F66124689}.Debug|x86.Build.0 = Debug|Win32
		{E4F66019-9964-4B86-B538-E10F66124689}.Release|x64.ActiveCfg = Release|x64
		{E4F66019-9964-4B86-B538-E10F66124689}.Release|x64.Build.0 = Release|x64
		{E4F66019-9964-4B86-B538-E10F66124689}.Release|x86.ActiveCfg = Release|Win32
		{E4F66019-9964-4B86-B538-E10F66124689}.Release|x86.Build.0 = Release|Win32
		{0BFBD1A8-5638-4B35-BA03-8DB47F921B9B}.Debug|x64.ActiveCfg = Debug|x64
		{0BFBD1A8-5638-4B35-BA03-8DB47F921B9B}.Debug|x64.Build.0 = Debug|x64
		{0BFBD1A8-5638-4B35-BA03-8DB47F921B9B}.Debug|x86.ActiveCfg = Debug|Win32
		{0BFBD1A8-5638-4B35-BA03-8DB47F921B9B}.Debug|x86.Build.0 = Debug|Win32
		{0BFBD1A8-5638-4B35-BA03-8DB47F921B9B}.Release|x64.ActiveCfg = Release|x64
		{0BFBD1A8-5638-4B35-BA03-8DB47F921B9B}.Release|x64.Build.0 = Release|x64
		{0BFBD1A8-5638-4B35-BA03-8DB47F921B9B}.Release|x86.ActiveCfg = Release|Win32
		{0BFBD1A8-5638-4B35-BA03-8DB47F921B9B}.Release|x86.Build.0 = Release|Win32
		{8764FF3A-53E4-40F5-8B92-13FE14178983}.Debug|x64.ActiveCfg = Debug|x64
		{8764FF3A-53E4-40F5-8B92-13FE14178983}.Debug|x64.Build.0 = Debug|x64
		{8764FF3A-53E4-40F5-8B92-13FE14178983}.Debug|x86.ActiveCfg = Debug|Win32
		{8764FF3A-53E4-40F5-8B92-13FE14178983}.Debug|x86.Build.0 = Debug|Win32
		{8764FF3A-53E4-40F5-8B92-13FE14178983}.Release|x64.ActiveCfg = Release|x64
		{8764FF3A-53E4-40F5-8B92-13FE14178983}.Release|x64.Build.0 = Release|x64
		{8764FF3A-53E4-40F5-8B92-13FE14178983}.Release|x86.ActiveCfg = Release|Win32
		{8764FF3A-53E4-40F5-8B92-13FE14178983}.Release|x86.Build.0 = Release|Win32
		{A445A1D7-16CA-4DF7-B925-1C4D1F3EFE9C}.Debug|x64.ActiveCfg = Debug|x64
		{A445A1D7-16CA-4DF7-B925-1C4D1F3EFE9C}.Debug|x64.Build.0 = Debug|x64
		{A445A1D7-16CA-4DF7-B925-1C4D1F3EFE9C}.Debug|x86.ActiveCfg = Debug|Win32
		{A445A1D7-16CA-4DF7-B925-1C4D1F3EFE9C}.Debug|x86.Build.0 = Debug|Win32
		{A445A1D7-16CA-4DF7-B925-1C4D1F3EFE9C}.Release|x64.ActiveCfg = Release|x64
		{A445A1D7-16CA-4DF7-B925-1C4D1F3EFE9C}.Release|x64.Build.0 = Release|x64
		{A445A1D7-16CA-4DF7-B925-1C4D1F3EFE9C}.Release|x86.ActiveCfg = Release|Win32
		{A445A1D7-16CA-4DF7-B925-1C4D1F3EFE9C}.Release|x86.Build.0 = Release|Win32
		{C83E8686-21D4-4D8C-BFD1-A4E47D68871D}.Debug|x64.ActiveCfg = Debug|x64
		{C83E8686-21D4-4D8C-BFD1-A4E47D68871D}.Debug|x64.Build.0 = Debug|x64
		{C83E8686-21D4-4D8C-BFD1-A4E47D68871D}.Debug|x86.ActiveCfg = Debug|Win32
		{C83E8686-21D4-4D8C-BFD1-A4E47D68871D}.Debug|x86.Build.0 = Debug|Win32
		{C83E8686-21D4-4D8C-BFD1-A4E47D68871D}.Release|x64.ActiveCfg = Release|x64
		{C83E8686-21D4-4D8C-BFD1-A4E47D68871D}.Release|x64.Build.0 = Release|x64
		{C83E8686-21D4-4D8C-BFD1-A4E47D68871D}.Release|x86.ActiveCfg = Release|Win32
		{C83E8686-21D4-4D8C-BFD1-A4E47D68871D}.Release|x86.Build.0 = Release|Win32
		{3D05CE5F-8201-4F4C-9875-719B266D9313}.Debug|x64.ActiveCfg = Debug|x64
		{3D05CE5F-8201-4F4C-9875-719B266D9313}.Debug|x64.Build.0 = Debug|x64
		{3D05CE5F-8201-4F4C-9875-719B266D9313}.Debug|x86.ActiveCfg = Debug|Win32
		{3D05CE5F-8201-4F4C-9875-719B266D9313}.Debug|x86.Build.0 = Debug|Win32
		{3D05CE5F-8201-4F4C-9875-719B266D9313}.Release|x64.ActiveCfg = Release|x64
		{3D05CE5F-8201-4F4C-9875-719B266D9313}.Release|x64.Build.0 = Release|x64
		{3D05CE5F-8201-4F4C-9875-719B266D9313}.Release|x86.ActiveCfg = Release|Win32
		{3D05CE5F-8201-4F4C-9875-719B266D9313}.Release|x86.Build.0 = Release|Win32
		{54C0CDF9-C8BE-4C4B-8974-7D4EA9F1B981}.Debug|x64.ActiveCfg = Debug|x64
		{54C0CDF9-C8BE-4C4B-8974-7D4EA9F1B981}.Debug|x64.Build.0 = Debug|x64
		{54C0CDF9-C8BE-4C4B-8974-7D4EA9F1B981}.Debug|x86.ActiveCfg = Debug|Win32
		{54C0CDF9-C8BE-4C4B-8974-7D4EA9F1B981}.Debug|x86.Build.0 = Debug|Win32
		{54C0CDF9-C8BE-4C4B-8974-7D4EA9F1B981}.Release|x64.ActiveCfg = Release|x64
		{54C0CDF9-C8BE-4C4B-8974-7D4EA9F1B981}.Release|x64.Build.0 = Release|x64
		{54C0CDF9-C8BE-4C4B-8974-7D4EA9F1B981}.Release|x86.ActiveCfg = Release|Win32
		{54C0CDF9-C8BE-4C4B-8974-7D4EA9F1B981}.Release|x86.Build.0 = Release|Win32
	EndGlobalSection
	GlobalSection(SolutionProperties) = preSolution
		HideSolutionNode = FALSE
	EndGlobalSection
	GlobalSection(NestedProjects) = preSolution
		{E4F66019-9964-4B86-B538-E10F66124689} = {E7D5F552-9833-40C8-AA8F-1F7EFB036D17}
		{0BFBD1A8-5638-4B35-BA03-8DB47F921B9B} = {E7D5F552-9833-40C8-AA8F-1F7EFB036D17}
	EndGlobalSection
	GlobalSection(ExtensibilityGlobals) = postSolution
		SolutionGuid = {32121992-6DA4-4CBB-A7A3-A5B8FCDA1514}
	EndGlobalSection
EndGlobal
