
Microsoft Visual Studio Solution File, Format Version 12.00
# Visual Studio 15
VisualStudioVersion = 15.0.26430.14
MinimumVisualStudioVersion = 10.0.40219.1
Project("{8BC9CEB8-8B4A-11D0-8D11-00A0C91BC942}") = "NatsuLang", "NatsuLang\NatsuLang.vcxproj", "{5306B493-F4E5-4A93-B487-D6A4A3561019}"
	ProjectSection(ProjectDependencies) = postProject
		{E4F66019-9964-4B86-B538-E10F66124689} = {E4F66019-9964-4B86-B538-E10F66124689}
	EndProjectSection
EndProject
Project("{8BC9CEB8-8B4A-11D0-8D11-00A0C91BC942}") = "NatsuLib", "NatsuLib\NatsuLib\NatsuLib.vcxproj", "{E4F66019-9964-4B86-B538-E10F66124689}"
EndProject
Project("{8BC9CEB8-8B4A-11D0-8D11-00A0C91BC942}") = "NatsuLang.NatsuLangJITCompiler", "NatsuLang.NatsuLangJITCompiler\NatsuLang.NatsuLangJITCompiler.vcxproj", "{51C69829-4CE5-47B5-85A7-2AC2B2331CC9}"
	ProjectSection(ProjectDependencies) = postProject
		{E4F66019-9964-4B86-B538-E10F66124689} = {E4F66019-9964-4B86-B538-E10F66124689}
		{5306B493-F4E5-4A93-B487-D6A4A3561019} = {5306B493-F4E5-4A93-B487-D6A4A3561019}
	EndProjectSection
EndProject
Global
	GlobalSection(SolutionConfigurationPlatforms) = preSolution
		Debug|x64 = Debug|x64
		Debug|x86 = Debug|x86
		Release|x64 = Release|x64
		Release|x86 = Release|x86
	EndGlobalSection
	GlobalSection(ProjectConfigurationPlatforms) = postSolution
		{5306B493-F4E5-4A93-B487-D6A4A3561019}.Debug|x64.ActiveCfg = Debug|x64
		{5306B493-F4E5-4A93-B487-D6A4A3561019}.Debug|x64.Build.0 = Debug|x64
		{5306B493-F4E5-4A93-B487-D6A4A3561019}.Debug|x86.ActiveCfg = Debug|Win32
		{5306B493-F4E5-4A93-B487-D6A4A3561019}.Debug|x86.Build.0 = Debug|Win32
		{5306B493-F4E5-4A93-B487-D6A4A3561019}.Release|x64.ActiveCfg = Release|x64
		{5306B493-F4E5-4A93-B487-D6A4A3561019}.Release|x64.Build.0 = Release|x64
		{5306B493-F4E5-4A93-B487-D6A4A3561019}.Release|x86.ActiveCfg = Release|Win32
		{5306B493-F4E5-4A93-B487-D6A4A3561019}.Release|x86.Build.0 = Release|Win32
		{E4F66019-9964-4B86-B538-E10F66124689}.Debug|x64.ActiveCfg = Debug|x64
		{E4F66019-9964-4B86-B538-E10F66124689}.Debug|x64.Build.0 = Debug|x64
		{E4F66019-9964-4B86-B538-E10F66124689}.Debug|x86.ActiveCfg = Debug|Win32
		{E4F66019-9964-4B86-B538-E10F66124689}.Debug|x86.Build.0 = Debug|Win32
		{E4F66019-9964-4B86-B538-E10F66124689}.Release|x64.ActiveCfg = Release|x64
		{E4F66019-9964-4B86-B538-E10F66124689}.Release|x64.Build.0 = Release|x64
		{E4F66019-9964-4B86-B538-E10F66124689}.Release|x86.ActiveCfg = Release|Win32
		{E4F66019-9964-4B86-B538-E10F66124689}.Release|x86.Build.0 = Release|Win32
		{51C69829-4CE5-47B5-85A7-2AC2B2331CC9}.Debug|x64.ActiveCfg = Debug|x64
		{51C69829-4CE5-47B5-85A7-2AC2B2331CC9}.Debug|x64.Build.0 = Debug|x64
		{51C69829-4CE5-47B5-85A7-2AC2B2331CC9}.Debug|x86.ActiveCfg = Debug|Win32
		{51C69829-4CE5-47B5-85A7-2AC2B2331CC9}.Debug|x86.Build.0 = Debug|Win32
		{51C69829-4CE5-47B5-85A7-2AC2B2331CC9}.Release|x64.ActiveCfg = Release|x64
		{51C69829-4CE5-47B5-85A7-2AC2B2331CC9}.Release|x64.Build.0 = Release|x64
		{51C69829-4CE5-47B5-85A7-2AC2B2331CC9}.Release|x86.ActiveCfg = Release|Win32
		{51C69829-4CE5-47B5-85A7-2AC2B2331CC9}.Release|x86.Build.0 = Release|Win32
	EndGlobalSection
	GlobalSection(SolutionProperties) = preSolution
		HideSolutionNode = FALSE
	EndGlobalSection
EndGlobal
