<?xml version="1.0" encoding="utf-8"?>
<Project ToolsVersion="4.0" xmlns="http://schemas.microsoft.com/developer/msbuild/2003">
  <ItemGroup>
    <Filter Include="Lex">
      <UniqueIdentifier>{6ea1433d-0ddb-431b-a194-ddfe208e9449}</UniqueIdentifier>
    </Filter>
    <Filter Include="AST">
      <UniqueIdentifier>{916c7708-871e-43e8-bf92-8601bb47593b}</UniqueIdentifier>
    </Filter>
    <Filter Include="Basic">
      <UniqueIdentifier>{6207b5c7-a95d-49ea-aa07-9274413e6bce}</UniqueIdentifier>
    </Filter>
    <Filter Include="Parse">
      <UniqueIdentifier>{8cfb71cf-732b-4634-8957-383f4717315e}</UniqueIdentifier>
    </Filter>
    <Filter Include="Sema">
      <UniqueIdentifier>{7026ac9b-a9cb-47dd-a351-476489bff2c7}</UniqueIdentifier>
    </Filter>
    <Filter Include="AST\include">
      <UniqueIdentifier>{71bf3018-eff1-44c0-90f1-915771c144a9}</UniqueIdentifier>
    </Filter>
    <Filter Include="AST\src">
      <UniqueIdentifier>{9e83735f-4097-4707-95d7-c6b2f0e95cc5}</UniqueIdentifier>
    </Filter>
    <Filter Include="Basic\include">
      <UniqueIdentifier>{347b1680-3534-460f-998d-b96f3206c957}</UniqueIdentifier>
    </Filter>
    <Filter Include="Basic\src">
      <UniqueIdentifier>{ee8be505-f2db-45ec-bbba-77485323504a}</UniqueIdentifier>
    </Filter>
    <Filter Include="Lex\include">
      <UniqueIdentifier>{2e43384f-0546-43be-8e48-84f44368554c}</UniqueIdentifier>
    </Filter>
    <Filter Include="Lex\src">
      <UniqueIdentifier>{5276a2ee-898e-4eb9-a3b9-243564a7019f}</UniqueIdentifier>
    </Filter>
    <Filter Include="Parse\include">
      <UniqueIdentifier>{409e290b-4207-4ed3-b28b-e158fc827b31}</UniqueIdentifier>
    </Filter>
    <Filter Include="Parse\src">
      <UniqueIdentifier>{73e00313-8c4d-43db-a24c-e16c633cadc9}</UniqueIdentifier>
    </Filter>
    <Filter Include="Sema\include">
      <UniqueIdentifier>{4532fb91-43f3-4798-81ae-6affd0f9bee9}</UniqueIdentifier>
    </Filter>
    <Filter Include="Sema\src">
      <UniqueIdentifier>{a69e7898-7421-4490-9057-301f9f5c7033}</UniqueIdentifier>
    </Filter>
  </ItemGroup>
  <ItemGroup>
    <ClInclude Include="include\Basic\CharInfo.h">
      <Filter>Basic\include</Filter>
    </ClInclude>
    <ClInclude Include="include\Basic\DeclDef.h">
      <Filter>Basic\include</Filter>
    </ClInclude>
    <ClInclude Include="include\Basic\DiagDef.h">
      <Filter>Basic\include</Filter>
    </ClInclude>
    <ClInclude Include="include\Basic\Diagnostic.h">
      <Filter>Basic\include</Filter>
    </ClInclude>
    <ClInclude Include="include\Basic\FileManager.h">
      <Filter>Basic\include</Filter>
    </ClInclude>
    <ClInclude Include="include\Basic\Identifier.h">
      <Filter>Basic\include</Filter>
    </ClInclude>
    <ClInclude Include="include\Basic\SourceLocation.h">
      <Filter>Basic\include</Filter>
    </ClInclude>
    <ClInclude Include="include\Basic\SourceManager.h">
      <Filter>Basic\include</Filter>
    </ClInclude>
    <ClInclude Include="include\Basic\StmtDef.h">
      <Filter>Basic\include</Filter>
    </ClInclude>
    <ClInclude Include="include\Basic\TextProvider.h">
      <Filter>Basic\include</Filter>
    </ClInclude>
    <ClInclude Include="include\Basic\Token.h">
      <Filter>Basic\include</Filter>
    </ClInclude>
    <ClInclude Include="include\Basic\TokenDef.h">
      <Filter>Basic\include</Filter>
    </ClInclude>
    <ClInclude Include="include\Lex\Lexer.h">
      <Filter>Lex\include</Filter>
    </ClInclude>
    <ClInclude Include="include\Lex\Preprocessor.h">
      <Filter>Lex\include</Filter>
    </ClInclude>
    <ClInclude Include="include\Parse\Parser.h">
      <Filter>Parse\include</Filter>
    </ClInclude>
    <ClInclude Include="include\Sema\Sema.h">
      <Filter>Sema\include</Filter>
    </ClInclude>
    <ClInclude Include="include\AST\DeclBase.h">
      <Filter>AST\include</Filter>
    </ClInclude>
    <ClInclude Include="include\AST\Declaration.h">
      <Filter>AST\include</Filter>
    </ClInclude>
    <ClInclude Include="include\AST\StmtBase.h">
      <Filter>AST\include</Filter>
    </ClInclude>
    <ClInclude Include="include\AST\Statement.h">
      <Filter>AST\include</Filter>
    </ClInclude>
    <ClInclude Include="include\AST\Expression.h">
      <Filter>AST\include</Filter>
    </ClInclude>
    <ClInclude Include="include\Basic\TypeDef.h">
      <Filter>Basic\include</Filter>
    </ClInclude>
    <ClInclude Include="include\Basic\BuiltinTypesDef.h">
      <Filter>Basic\include</Filter>
    </ClInclude>
    <ClInclude Include="include\AST\TypeBase.h">
      <Filter>AST\include</Filter>
    </ClInclude>
    <ClInclude Include="include\AST\Type.h">
      <Filter>AST\include</Filter>
    </ClInclude>
    <ClInclude Include="include\Basic\Specifier.h">
      <Filter>Basic\include</Filter>
    </ClInclude>
    <ClInclude Include="include\Basic\Module.h">
      <Filter>Basic\include</Filter>
    </ClInclude>
    <ClInclude Include="include\Sema\Declarator.h">
      <Filter>Sema\include</Filter>
    </ClInclude>
    <ClInclude Include="include\Sema\Scope.h">
      <Filter>Sema\include</Filter>
    </ClInclude>
    <ClInclude Include="include\AST\ASTContext.h">
      <Filter>AST\include</Filter>
    </ClInclude>
    <ClInclude Include="include\AST\StmtVisitor.h">
      <Filter>AST\include</Filter>
    </ClInclude>
    <ClInclude Include="include\AST\OperationTypes.h">
      <Filter>AST\include</Filter>
    </ClInclude>
    <ClInclude Include="include\AST\OperationTypesDef.h">
      <Filter>AST\include</Filter>
    </ClInclude>
    <ClInclude Include="include\Lex\LiteralParser.h">
      <Filter>Lex\include</Filter>
    </ClInclude>
    <ClInclude Include="include\AST\NestedNameSpecifier.h">
      <Filter>AST\include</Filter>
    </ClInclude>
  </ItemGroup>
  <ItemGroup>
    <ClCompile Include="src\Basic\Diagnostic.cpp">
      <Filter>Basic\src</Filter>
    </ClCompile>
    <ClCompile Include="src\Basic\FileManager.cpp">
      <Filter>Basic\src</Filter>
    </ClCompile>
    <ClCompile Include="src\Basic\Identifier.cpp">
      <Filter>Basic\src</Filter>
    </ClCompile>
    <ClCompile Include="src\Basic\SourceManager.cpp">
      <Filter>Basic\src</Filter>
    </ClCompile>
    <ClCompile Include="src\Basic\Token.cpp">
      <Filter>Basic\src</Filter>
    </ClCompile>
    <ClCompile Include="src\Lex\Lexer.cpp">
      <Filter>Lex\src</Filter>
    </ClCompile>
    <ClCompile Include="src\Lex\Preprocessor.cpp">
      <Filter>Lex\src</Filter>
    </ClCompile>
    <ClCompile Include="src\Parse\Parser.cpp">
      <Filter>Parse\src</Filter>
    </ClCompile>
    <ClCompile Include="src\Sema\Sema.cpp">
      <Filter>Sema\src</Filter>
    </ClCompile>
    <ClCompile Include="src\AST\DeclBase.cpp">
      <Filter>AST\src</Filter>
    </ClCompile>
    <ClCompile Include="src\AST\Declaration.cpp">
      <Filter>AST\src</Filter>
    </ClCompile>
    <ClCompile Include="src\AST\Statement.cpp">
      <Filter>AST\src</Filter>
    </ClCompile>
    <ClCompile Include="src\AST\StmtBase.cpp">
      <Filter>AST\src</Filter>
    </ClCompile>
    <ClCompile Include="src\AST\Type.cpp">
      <Filter>AST\src</Filter>
    </ClCompile>
    <ClCompile Include="src\AST\TypeBase.cpp">
      <Filter>AST\src</Filter>
    </ClCompile>
    <ClCompile Include="src\Basic\Module.cpp">
      <Filter>Basic\src</Filter>
    </ClCompile>
    <ClCompile Include="src\Sema\Scope.cpp">
      <Filter>Sema\src</Filter>
    </ClCompile>
    <ClCompile Include="src\AST\ASTContext.cpp">
      <Filter>AST\src</Filter>
    </ClCompile>
    <ClCompile Include="src\AST\Expression.cpp">
      <Filter>AST\src</Filter>
    </ClCompile>
    <ClCompile Include="src\Lex\LiteralParser.cpp">
      <Filter>Lex\src</Filter>
    </ClCompile>
    <ClCompile Include="src\AST\NestedNameSpecifier.cpp">
      <Filter>AST\src</Filter>
    </ClCompile>
  </ItemGroup>
</Project>